// !$*UTF8*$!
{
	archiveVersion = 1;
	classes = {
	};
	objectVersion = 50;
	objects = {

/* Begin PBXBuildFile section */
		86001B62266351C700030A6B /* AppDelegate.swift in Sources */ = {isa = PBXBuildFile; fileRef = 86001B61266351C700030A6B /* AppDelegate.swift */; };
		86001B64266351C700030A6B /* ContentView.swift in Sources */ = {isa = PBXBuildFile; fileRef = 86001B63266351C700030A6B /* ContentView.swift */; };
		86001B66266351C900030A6B /* Assets.xcassets in Resources */ = {isa = PBXBuildFile; fileRef = 86001B65266351C900030A6B /* Assets.xcassets */; };
		86001B69266351C900030A6B /* Preview Assets.xcassets in Resources */ = {isa = PBXBuildFile; fileRef = 86001B68266351C900030A6B /* Preview Assets.xcassets */; };
		86001B6C266351C900030A6B /* Main.storyboard in Resources */ = {isa = PBXBuildFile; fileRef = 86001B6A266351C900030A6B /* Main.storyboard */; };
		86001B78266351C900030A6B /* ScoreboardTests.swift in Sources */ = {isa = PBXBuildFile; fileRef = 86001B77266351C900030A6B /* ScoreboardTests.swift */; };
		86001B83266351C900030A6B /* ScoreboardUITests.swift in Sources */ = {isa = PBXBuildFile; fileRef = 86001B82266351C900030A6B /* ScoreboardUITests.swift */; };
		86001B9C2663534900030A6B /* Scorecard.swift in Sources */ = {isa = PBXBuildFile; fileRef = 86001B9B2663534900030A6B /* Scorecard.swift */; };
		86001BDD26642FC100030A6B /* Tr2n.ttf in Resources */ = {isa = PBXBuildFile; fileRef = 86001BDC26642FC000030A6B /* Tr2n.ttf */; };
		86001BDE26642FC100030A6B /* Tr2n.ttf in Resources */ = {isa = PBXBuildFile; fileRef = 86001BDC26642FC000030A6B /* Tr2n.ttf */; };
		86001BDF26642FC100030A6B /* Tr2n.ttf in Resources */ = {isa = PBXBuildFile; fileRef = 86001BDC26642FC000030A6B /* Tr2n.ttf */; };
		86001BE726642FCF00030A6B /* TRON.TTF in Resources */ = {isa = PBXBuildFile; fileRef = 86001BE626642FCF00030A6B /* TRON.TTF */; };
		86001BE826642FCF00030A6B /* TRON.TTF in Resources */ = {isa = PBXBuildFile; fileRef = 86001BE626642FCF00030A6B /* TRON.TTF */; };
		86001BE926642FCF00030A6B /* TRON.TTF in Resources */ = {isa = PBXBuildFile; fileRef = 86001BE626642FCF00030A6B /* TRON.TTF */; };
		8659E9C5266B4F1D007D5C92 /* Stargaze Stencil.otf in Resources */ = {isa = PBXBuildFile; fileRef = 8659E9C4266B4F1D007D5C92 /* Stargaze Stencil.otf */; };
		8659E9C7266BB733007D5C92 /* AstroSpace-0Wl3o.otf in Resources */ = {isa = PBXBuildFile; fileRef = 8659E9C6266BB733007D5C92 /* AstroSpace-0Wl3o.otf */; };
		86CA4252266A818800449478 /* AddTeam.swift in Sources */ = {isa = PBXBuildFile; fileRef = 86CA4251266A818800449478 /* AddTeam.swift */; };
/* End PBXBuildFile section */

/* Begin PBXContainerItemProxy section */
		86001B74266351C900030A6B /* PBXContainerItemProxy */ = {
			isa = PBXContainerItemProxy;
			containerPortal = 86001B56266351C700030A6B /* Project object */;
			proxyType = 1;
			remoteGlobalIDString = 86001B5D266351C700030A6B;
			remoteInfo = Scoreboard;
		};
		86001B7F266351C900030A6B /* PBXContainerItemProxy */ = {
			isa = PBXContainerItemProxy;
			containerPortal = 86001B56266351C700030A6B /* Project object */;
			proxyType = 1;
			remoteGlobalIDString = 86001B5D266351C700030A6B;
			remoteInfo = Scoreboard;
		};
/* End PBXContainerItemProxy section */

/* Begin PBXFileReference section */
		86001B5E266351C700030A6B /* Scoreboard.app */ = {isa = PBXFileReference; explicitFileType = wrapper.application; includeInIndex = 0; path = Scoreboard.app; sourceTree = BUILT_PRODUCTS_DIR; };
		86001B61266351C700030A6B /* AppDelegate.swift */ = {isa = PBXFileReference; lastKnownFileType = sourcecode.swift; path = AppDelegate.swift; sourceTree = "<group>"; };
		86001B63266351C700030A6B /* ContentView.swift */ = {isa = PBXFileReference; lastKnownFileType = sourcecode.swift; path = ContentView.swift; sourceTree = "<group>"; };
		86001B65266351C900030A6B /* Assets.xcassets */ = {isa = PBXFileReference; lastKnownFileType = folder.assetcatalog; path = Assets.xcassets; sourceTree = "<group>"; };
		86001B68266351C900030A6B /* Preview Assets.xcassets */ = {isa = PBXFileReference; lastKnownFileType = folder.assetcatalog; path = "Preview Assets.xcassets"; sourceTree = "<group>"; };
		86001B6B266351C900030A6B /* Base */ = {isa = PBXFileReference; lastKnownFileType = file.storyboard; name = Base; path = Base.lproj/Main.storyboard; sourceTree = "<group>"; };
		86001B6D266351C900030A6B /* Info.plist */ = {isa = PBXFileReference; lastKnownFileType = text.plist.xml; path = Info.plist; sourceTree = "<group>"; };
		86001B6E266351C900030A6B /* Scoreboard.entitlements */ = {isa = PBXFileReference; lastKnownFileType = text.plist.entitlements; path = Scoreboard.entitlements; sourceTree = "<group>"; };
		86001B73266351C900030A6B /* ScoreboardTests.xctest */ = {isa = PBXFileReference; explicitFileType = wrapper.cfbundle; includeInIndex = 0; path = ScoreboardTests.xctest; sourceTree = BUILT_PRODUCTS_DIR; };
		86001B77266351C900030A6B /* ScoreboardTests.swift */ = {isa = PBXFileReference; lastKnownFileType = sourcecode.swift; path = ScoreboardTests.swift; sourceTree = "<group>"; };
		86001B79266351C900030A6B /* Info.plist */ = {isa = PBXFileReference; lastKnownFileType = text.plist.xml; path = Info.plist; sourceTree = "<group>"; };
		86001B7E266351C900030A6B /* ScoreboardUITests.xctest */ = {isa = PBXFileReference; explicitFileType = wrapper.cfbundle; includeInIndex = 0; path = ScoreboardUITests.xctest; sourceTree = BUILT_PRODUCTS_DIR; };
		86001B82266351C900030A6B /* ScoreboardUITests.swift */ = {isa = PBXFileReference; lastKnownFileType = sourcecode.swift; path = ScoreboardUITests.swift; sourceTree = "<group>"; };
		86001B84266351C900030A6B /* Info.plist */ = {isa = PBXFileReference; lastKnownFileType = text.plist.xml; path = Info.plist; sourceTree = "<group>"; };
		86001B9B2663534900030A6B /* Scorecard.swift */ = {isa = PBXFileReference; lastKnownFileType = sourcecode.swift; path = Scorecard.swift; sourceTree = "<group>"; };
		86001BDC26642FC000030A6B /* Tr2n.ttf */ = {isa = PBXFileReference; lastKnownFileType = file; path = Tr2n.ttf; sourceTree = "<group>"; };
		86001BE626642FCF00030A6B /* TRON.TTF */ = {isa = PBXFileReference; lastKnownFileType = file; path = TRON.TTF; sourceTree = "<group>"; };
		8659E9C4266B4F1D007D5C92 /* Stargaze Stencil.otf */ = {isa = PBXFileReference; lastKnownFileType = file; path = "Stargaze Stencil.otf"; sourceTree = "<group>"; };
		8659E9C6266BB733007D5C92 /* AstroSpace-0Wl3o.otf */ = {isa = PBXFileReference; lastKnownFileType = file; path = "AstroSpace-0Wl3o.otf"; sourceTree = "<group>"; };
		86CA4251266A818800449478 /* AddTeam.swift */ = {isa = PBXFileReference; lastKnownFileType = sourcecode.swift; path = AddTeam.swift; sourceTree = "<group>"; };
/* End PBXFileReference section */

/* Begin PBXFrameworksBuildPhase section */
		86001B5B266351C700030A6B /* Frameworks */ = {
			isa = PBXFrameworksBuildPhase;
			buildActionMask = 2147483647;
			files = (
			);
			runOnlyForDeploymentPostprocessing = 0;
		};
		86001B70266351C900030A6B /* Frameworks */ = {
			isa = PBXFrameworksBuildPhase;
			buildActionMask = 2147483647;
			files = (
			);
			runOnlyForDeploymentPostprocessing = 0;
		};
		86001B7B266351C900030A6B /* Frameworks */ = {
			isa = PBXFrameworksBuildPhase;
			buildActionMask = 2147483647;
			files = (
			);
			runOnlyForDeploymentPostprocessing = 0;
		};
/* End PBXFrameworksBuildPhase section */

/* Begin PBXGroup section */
		86001B55266351C700030A6B = {
			isa = PBXGroup;
			children = (
				86001B60266351C700030A6B /* Scoreboard */,
				86001B76266351C900030A6B /* ScoreboardTests */,
				86001B81266351C900030A6B /* ScoreboardUITests */,
				86001B5F266351C700030A6B /* Products */,
			);
			sourceTree = "<group>";
		};
		86001B5F266351C700030A6B /* Products */ = {
			isa = PBXGroup;
			children = (
				86001B5E266351C700030A6B /* Scoreboard.app */,
				86001B73266351C900030A6B /* ScoreboardTests.xctest */,
				86001B7E266351C900030A6B /* ScoreboardUITests.xctest */,
			);
			name = Products;
			sourceTree = "<group>";
		};
		86001B60266351C700030A6B /* Scoreboard */ = {
			isa = PBXGroup;
			children = (
				86001BBE2663D89700030A6B /* Fonts */,
				86001B61266351C700030A6B /* AppDelegate.swift */,
				86001B63266351C700030A6B /* ContentView.swift */,
				86001B9B2663534900030A6B /* Scorecard.swift */,
				86CA4251266A818800449478 /* AddTeam.swift */,
				86001B65266351C900030A6B /* Assets.xcassets */,
				86001B6A266351C900030A6B /* Main.storyboard */,
				86001B6D266351C900030A6B /* Info.plist */,
				86001B6E266351C900030A6B /* Scoreboard.entitlements */,
				86001B67266351C900030A6B /* Preview Content */,
			);
			path = Scoreboard;
			sourceTree = "<group>";
		};
		86001B67266351C900030A6B /* Preview Content */ = {
			isa = PBXGroup;
			children = (
				86001B68266351C900030A6B /* Preview Assets.xcassets */,
			);
			path = "Preview Content";
			sourceTree = "<group>";
		};
		86001B76266351C900030A6B /* ScoreboardTests */ = {
			isa = PBXGroup;
			children = (
				86001B77266351C900030A6B /* ScoreboardTests.swift */,
				86001B79266351C900030A6B /* Info.plist */,
			);
			path = ScoreboardTests;
			sourceTree = "<group>";
		};
		86001B81266351C900030A6B /* ScoreboardUITests */ = {
			isa = PBXGroup;
			children = (
				86001B82266351C900030A6B /* ScoreboardUITests.swift */,
				86001B84266351C900030A6B /* Info.plist */,
			);
			path = ScoreboardUITests;
			sourceTree = "<group>";
		};
		86001BBE2663D89700030A6B /* Fonts */ = {
			isa = PBXGroup;
			children = (
				8659E9C6266BB733007D5C92 /* AstroSpace-0Wl3o.otf */,
				86001BE626642FCF00030A6B /* TRON.TTF */,
				86001BDC26642FC000030A6B /* Tr2n.ttf */,
				8659E9C4266B4F1D007D5C92 /* Stargaze Stencil.otf */,
			);
			path = Fonts;
			sourceTree = "<group>";
		};
/* End PBXGroup section */

/* Begin PBXNativeTarget section */
		86001B5D266351C700030A6B /* Scoreboard */ = {
			isa = PBXNativeTarget;
			buildConfigurationList = 86001B87266351C900030A6B /* Build configuration list for PBXNativeTarget "Scoreboard" */;
			buildPhases = (
				86001B5A266351C700030A6B /* Sources */,
				86001B5B266351C700030A6B /* Frameworks */,
				86001B5C266351C700030A6B /* Resources */,
			);
			buildRules = (
			);
			dependencies = (
			);
			name = Scoreboard;
			productName = Scoreboard;
			productReference = 86001B5E266351C700030A6B /* Scoreboard.app */;
			productType = "com.apple.product-type.application";
		};
		86001B72266351C900030A6B /* ScoreboardTests */ = {
			isa = PBXNativeTarget;
			buildConfigurationList = 86001B8A266351C900030A6B /* Build configuration list for PBXNativeTarget "ScoreboardTests" */;
			buildPhases = (
				86001B6F266351C900030A6B /* Sources */,
				86001B70266351C900030A6B /* Frameworks */,
				86001B71266351C900030A6B /* Resources */,
			);
			buildRules = (
			);
			dependencies = (
				86001B75266351C900030A6B /* PBXTargetDependency */,
			);
			name = ScoreboardTests;
			productName = ScoreboardTests;
			productReference = 86001B73266351C900030A6B /* ScoreboardTests.xctest */;
			productType = "com.apple.product-type.bundle.unit-test";
		};
		86001B7D266351C900030A6B /* ScoreboardUITests */ = {
			isa = PBXNativeTarget;
			buildConfigurationList = 86001B8D266351C900030A6B /* Build configuration list for PBXNativeTarget "ScoreboardUITests" */;
			buildPhases = (
				86001B7A266351C900030A6B /* Sources */,
				86001B7B266351C900030A6B /* Frameworks */,
				86001B7C266351C900030A6B /* Resources */,
			);
			buildRules = (
			);
			dependencies = (
				86001B80266351C900030A6B /* PBXTargetDependency */,
			);
			name = ScoreboardUITests;
			productName = ScoreboardUITests;
			productReference = 86001B7E266351C900030A6B /* ScoreboardUITests.xctest */;
			productType = "com.apple.product-type.bundle.ui-testing";
		};
/* End PBXNativeTarget section */

/* Begin PBXProject section */
		86001B56266351C700030A6B /* Project object */ = {
			isa = PBXProject;
			attributes = {
				LastSwiftUpdateCheck = 1240;
				LastUpgradeCheck = 1250;
				TargetAttributes = {
					86001B5D266351C700030A6B = {
						CreatedOnToolsVersion = 12.4;
					};
					86001B72266351C900030A6B = {
						CreatedOnToolsVersion = 12.4;
						TestTargetID = 86001B5D266351C700030A6B;
					};
					86001B7D266351C900030A6B = {
						CreatedOnToolsVersion = 12.4;
						TestTargetID = 86001B5D266351C700030A6B;
					};
				};
			};
			buildConfigurationList = 86001B59266351C700030A6B /* Build configuration list for PBXProject "Scoreboard" */;
			compatibilityVersion = "Xcode 9.3";
			developmentRegion = en;
			hasScannedForEncodings = 0;
			knownRegions = (
				en,
				Base,
			);
			mainGroup = 86001B55266351C700030A6B;
			productRefGroup = 86001B5F266351C700030A6B /* Products */;
			projectDirPath = "";
			projectRoot = "";
			targets = (
				86001B5D266351C700030A6B /* Scoreboard */,
				86001B72266351C900030A6B /* ScoreboardTests */,
				86001B7D266351C900030A6B /* ScoreboardUITests */,
			);
		};
/* End PBXProject section */

/* Begin PBXResourcesBuildPhase section */
		86001B5C266351C700030A6B /* Resources */ = {
			isa = PBXResourcesBuildPhase;
			buildActionMask = 2147483647;
			files = (
				86001B6C266351C900030A6B /* Main.storyboard in Resources */,
				86001B69266351C900030A6B /* Preview Assets.xcassets in Resources */,
				8659E9C7266BB733007D5C92 /* AstroSpace-0Wl3o.otf in Resources */,
				8659E9C5266B4F1D007D5C92 /* Stargaze Stencil.otf in Resources */,
				86001BDD26642FC100030A6B /* Tr2n.ttf in Resources */,
				86001BE726642FCF00030A6B /* TRON.TTF in Resources */,
				86001B66266351C900030A6B /* Assets.xcassets in Resources */,
			);
			runOnlyForDeploymentPostprocessing = 0;
		};
		86001B71266351C900030A6B /* Resources */ = {
			isa = PBXResourcesBuildPhase;
			buildActionMask = 2147483647;
			files = (
				86001BDE26642FC100030A6B /* Tr2n.ttf in Resources */,
				86001BE826642FCF00030A6B /* TRON.TTF in Resources */,
			);
			runOnlyForDeploymentPostprocessing = 0;
		};
		86001B7C266351C900030A6B /* Resources */ = {
			isa = PBXResourcesBuildPhase;
			buildActionMask = 2147483647;
			files = (
				86001BDF26642FC100030A6B /* Tr2n.ttf in Resources */,
				86001BE926642FCF00030A6B /* TRON.TTF in Resources */,
			);
			runOnlyForDeploymentPostprocessing = 0;
		};
/* End PBXResourcesBuildPhase section */

/* Begin PBXSourcesBuildPhase section */
		86001B5A266351C700030A6B /* Sources */ = {
			isa = PBXSourcesBuildPhase;
			buildActionMask = 2147483647;
			files = (
				86001B9C2663534900030A6B /* Scorecard.swift in Sources */,
				86001B64266351C700030A6B /* ContentView.swift in Sources */,
				86CA4252266A818800449478 /* AddTeam.swift in Sources */,
				86001B62266351C700030A6B /* AppDelegate.swift in Sources */,
			);
			runOnlyForDeploymentPostprocessing = 0;
		};
		86001B6F266351C900030A6B /* Sources */ = {
			isa = PBXSourcesBuildPhase;
			buildActionMask = 2147483647;
			files = (
				86001B78266351C900030A6B /* ScoreboardTests.swift in Sources */,
			);
			runOnlyForDeploymentPostprocessing = 0;
		};
		86001B7A266351C900030A6B /* Sources */ = {
			isa = PBXSourcesBuildPhase;
			buildActionMask = 2147483647;
			files = (
				86001B83266351C900030A6B /* ScoreboardUITests.swift in Sources */,
			);
			runOnlyForDeploymentPostprocessing = 0;
		};
/* End PBXSourcesBuildPhase section */

/* Begin PBXTargetDependency section */
		86001B75266351C900030A6B /* PBXTargetDependency */ = {
			isa = PBXTargetDependency;
			target = 86001B5D266351C700030A6B /* Scoreboard */;
			targetProxy = 86001B74266351C900030A6B /* PBXContainerItemProxy */;
		};
		86001B80266351C900030A6B /* PBXTargetDependency */ = {
			isa = PBXTargetDependency;
			target = 86001B5D266351C700030A6B /* Scoreboard */;
			targetProxy = 86001B7F266351C900030A6B /* PBXContainerItemProxy */;
		};
/* End PBXTargetDependency section */

/* Begin PBXVariantGroup section */
		86001B6A266351C900030A6B /* Main.storyboard */ = {
			isa = PBXVariantGroup;
			children = (
				86001B6B266351C900030A6B /* Base */,
			);
			name = Main.storyboard;
			sourceTree = "<group>";
		};
/* End PBXVariantGroup section */

/* Begin XCBuildConfiguration section */
		86001B85266351C900030A6B /* Debug */ = {
			isa = XCBuildConfiguration;
			buildSettings = {
				ALWAYS_SEARCH_USER_PATHS = NO;
				CLANG_ANALYZER_NONNULL = YES;
				CLANG_ANALYZER_NUMBER_OBJECT_CONVERSION = YES_AGGRESSIVE;
				CLANG_CXX_LANGUAGE_STANDARD = "gnu++14";
				CLANG_CXX_LIBRARY = "libc++";
				CLANG_ENABLE_MODULES = YES;
				CLANG_ENABLE_OBJC_ARC = YES;
				CLANG_ENABLE_OBJC_WEAK = YES;
				CLANG_WARN_BLOCK_CAPTURE_AUTORELEASING = YES;
				CLANG_WARN_BOOL_CONVERSION = YES;
				CLANG_WARN_COMMA = YES;
				CLANG_WARN_CONSTANT_CONVERSION = YES;
				CLANG_WARN_DEPRECATED_OBJC_IMPLEMENTATIONS = YES;
				CLANG_WARN_DIRECT_OBJC_ISA_USAGE = YES_ERROR;
				CLANG_WARN_DOCUMENTATION_COMMENTS = YES;
				CLANG_WARN_EMPTY_BODY = YES;
				CLANG_WARN_ENUM_CONVERSION = YES;
				CLANG_WARN_INFINITE_RECURSION = YES;
				CLANG_WARN_INT_CONVERSION = YES;
				CLANG_WARN_NON_LITERAL_NULL_CONVERSION = YES;
				CLANG_WARN_OBJC_IMPLICIT_RETAIN_SELF = YES;
				CLANG_WARN_OBJC_LITERAL_CONVERSION = YES;
				CLANG_WARN_OBJC_ROOT_CLASS = YES_ERROR;
				CLANG_WARN_QUOTED_INCLUDE_IN_FRAMEWORK_HEADER = YES;
				CLANG_WARN_RANGE_LOOP_ANALYSIS = YES;
				CLANG_WARN_STRICT_PROTOTYPES = YES;
				CLANG_WARN_SUSPICIOUS_MOVE = YES;
				CLANG_WARN_UNGUARDED_AVAILABILITY = YES_AGGRESSIVE;
				CLANG_WARN_UNREACHABLE_CODE = YES;
				CLANG_WARN__DUPLICATE_METHOD_MATCH = YES;
				COPY_PHASE_STRIP = NO;
				DEBUG_INFORMATION_FORMAT = dwarf;
				ENABLE_STRICT_OBJC_MSGSEND = YES;
				ENABLE_TESTABILITY = YES;
				GCC_C_LANGUAGE_STANDARD = gnu11;
				GCC_DYNAMIC_NO_PIC = NO;
				GCC_NO_COMMON_BLOCKS = YES;
				GCC_OPTIMIZATION_LEVEL = 0;
				GCC_PREPROCESSOR_DEFINITIONS = (
					"DEBUG=1",
					"$(inherited)",
				);
				GCC_WARN_64_TO_32_BIT_CONVERSION = YES;
				GCC_WARN_ABOUT_RETURN_TYPE = YES_ERROR;
				GCC_WARN_UNDECLARED_SELECTOR = YES;
				GCC_WARN_UNINITIALIZED_AUTOS = YES_AGGRESSIVE;
				GCC_WARN_UNUSED_FUNCTION = YES;
				GCC_WARN_UNUSED_VARIABLE = YES;
				MACOSX_DEPLOYMENT_TARGET = 11.1;
				MTL_ENABLE_DEBUG_INFO = INCLUDE_SOURCE;
				MTL_FAST_MATH = YES;
				ONLY_ACTIVE_ARCH = YES;
				SDKROOT = macosx;
				SWIFT_ACTIVE_COMPILATION_CONDITIONS = DEBUG;
				SWIFT_OPTIMIZATION_LEVEL = "-Onone";
			};
			name = Debug;
		};
		86001B86266351C900030A6B /* Release */ = {
			isa = XCBuildConfiguration;
			buildSettings = {
				ALWAYS_SEARCH_USER_PATHS = NO;
				CLANG_ANALYZER_NONNULL = YES;
				CLANG_ANALYZER_NUMBER_OBJECT_CONVERSION = YES_AGGRESSIVE;
				CLANG_CXX_LANGUAGE_STANDARD = "gnu++14";
				CLANG_CXX_LIBRARY = "libc++";
				CLANG_ENABLE_MODULES = YES;
				CLANG_ENABLE_OBJC_ARC = YES;
				CLANG_ENABLE_OBJC_WEAK = YES;
				CLANG_WARN_BLOCK_CAPTURE_AUTORELEASING = YES;
				CLANG_WARN_BOOL_CONVERSION = YES;
				CLANG_WARN_COMMA = YES;
				CLANG_WARN_CONSTANT_CONVERSION = YES;
				CLANG_WARN_DEPRECATED_OBJC_IMPLEMENTATIONS = YES;
				CLANG_WARN_DIRECT_OBJC_ISA_USAGE = YES_ERROR;
				CLANG_WARN_DOCUMENTATION_COMMENTS = YES;
				CLANG_WARN_EMPTY_BODY = YES;
				CLANG_WARN_ENUM_CONVERSION = YES;
				CLANG_WARN_INFINITE_RECURSION = YES;
				CLANG_WARN_INT_CONVERSION = YES;
				CLANG_WARN_NON_LITERAL_NULL_CONVERSION = YES;
				CLANG_WARN_OBJC_IMPLICIT_RETAIN_SELF = YES;
				CLANG_WARN_OBJC_LITERAL_CONVERSION = YES;
				CLANG_WARN_OBJC_ROOT_CLASS = YES_ERROR;
				CLANG_WARN_QUOTED_INCLUDE_IN_FRAMEWORK_HEADER = YES;
				CLANG_WARN_RANGE_LOOP_ANALYSIS = YES;
				CLANG_WARN_STRICT_PROTOTYPES = YES;
				CLANG_WARN_SUSPICIOUS_MOVE = YES;
				CLANG_WARN_UNGUARDED_AVAILABILITY = YES_AGGRESSIVE;
				CLANG_WARN_UNREACHABLE_CODE = YES;
				CLANG_WARN__DUPLICATE_METHOD_MATCH = YES;
				COPY_PHASE_STRIP = NO;
				DEBUG_INFORMATION_FORMAT = "dwarf-with-dsym";
				ENABLE_NS_ASSERTIONS = NO;
				ENABLE_STRICT_OBJC_MSGSEND = YES;
				GCC_C_LANGUAGE_STANDARD = gnu11;
				GCC_NO_COMMON_BLOCKS = YES;
				GCC_WARN_64_TO_32_BIT_CONVERSION = YES;
				GCC_WARN_ABOUT_RETURN_TYPE = YES_ERROR;
				GCC_WARN_UNDECLARED_SELECTOR = YES;
				GCC_WARN_UNINITIALIZED_AUTOS = YES_AGGRESSIVE;
				GCC_WARN_UNUSED_FUNCTION = YES;
				GCC_WARN_UNUSED_VARIABLE = YES;
				MACOSX_DEPLOYMENT_TARGET = 11.1;
				MTL_ENABLE_DEBUG_INFO = NO;
				MTL_FAST_MATH = YES;
				SDKROOT = macosx;
				SWIFT_COMPILATION_MODE = wholemodule;
				SWIFT_OPTIMIZATION_LEVEL = "-O";
			};
			name = Release;
		};
		86001B88266351C900030A6B /* Debug */ = {
			isa = XCBuildConfiguration;
			buildSettings = {
				ASSETCATALOG_COMPILER_APPICON_NAME = AppIcon;
				ASSETCATALOG_COMPILER_GLOBAL_ACCENT_COLOR_NAME = AccentColor;
				CODE_SIGN_ENTITLEMENTS = Scoreboard/Scoreboard.entitlements;
				CODE_SIGN_IDENTITY = "-";
				CODE_SIGN_STYLE = Automatic;
				COMBINE_HIDPI_IMAGES = YES;
				DEVELOPMENT_ASSET_PATHS = "\"Scoreboard/Preview Content\"";
				DEVELOPMENT_TEAM = CD6845FWL4;
				ENABLE_HARDENED_RUNTIME = YES;
				ENABLE_PREVIEWS = YES;
				INFOPLIST_FILE = Scoreboard/Info.plist;
				LD_RUNPATH_SEARCH_PATHS = (
					"$(inherited)",
					"@executable_path/../Frameworks",
				);
				MACOSX_DEPLOYMENT_TARGET = 10.15;
				PRODUCT_BUNDLE_IDENTIFIER = com.bendersonsllc.Scoreboard;
				PRODUCT_NAME = "$(TARGET_NAME)";
				SWIFT_VERSION = 5.0;
			};
			name = Debug;
		};
		86001B89266351C900030A6B /* Release */ = {
			isa = XCBuildConfiguration;
			buildSettings = {
				ASSETCATALOG_COMPILER_APPICON_NAME = AppIcon;
				ASSETCATALOG_COMPILER_GLOBAL_ACCENT_COLOR_NAME = AccentColor;
				CODE_SIGN_ENTITLEMENTS = Scoreboard/Scoreboard.entitlements;
				CODE_SIGN_IDENTITY = "-";
				CODE_SIGN_STYLE = Automatic;
				COMBINE_HIDPI_IMAGES = YES;
				DEVELOPMENT_ASSET_PATHS = "\"Scoreboard/Preview Content\"";
				DEVELOPMENT_TEAM = CD6845FWL4;
				ENABLE_HARDENED_RUNTIME = YES;
				ENABLE_PREVIEWS = YES;
				INFOPLIST_FILE = Scoreboard/Info.plist;
				LD_RUNPATH_SEARCH_PATHS = (
					"$(inherited)",
					"@executable_path/../Frameworks",
				);
				MACOSX_DEPLOYMENT_TARGET = 10.15;
				PRODUCT_BUNDLE_IDENTIFIER = com.bendersonsllc.Scoreboard;
				PRODUCT_NAME = "$(TARGET_NAME)";
				SWIFT_VERSION = 5.0;
			};
			name = Release;
		};
		86001B8B266351C900030A6B /* Debug */ = {
			isa = XCBuildConfiguration;
			buildSettings = {
				ALWAYS_EMBED_SWIFT_STANDARD_LIBRARIES = YES;
				BUNDLE_LOADER = "$(TEST_HOST)";
				CODE_SIGN_STYLE = Automatic;
				COMBINE_HIDPI_IMAGES = YES;
				DEVELOPMENT_TEAM = CD6845FWL4;
				INFOPLIST_FILE = ScoreboardTests/Info.plist;
				LD_RUNPATH_SEARCH_PATHS = (
					"$(inherited)",
					"@executable_path/../Frameworks",
					"@loader_path/../Frameworks",
				);
				MACOSX_DEPLOYMENT_TARGET = 10.15;
				PRODUCT_BUNDLE_IDENTIFIER = com.bendersonsllc.ScoreboardTests;
				PRODUCT_NAME = "$(TARGET_NAME)";
				SWIFT_VERSION = 5.0;
				TEST_HOST = "$(BUILT_PRODUCTS_DIR)/Scoreboard.app/Contents/MacOS/Scoreboard";
			};
			name = Debug;
		};
		86001B8C266351C900030A6B /* Release */ = {
			isa = XCBuildConfiguration;
			buildSettings = {
				ALWAYS_EMBED_SWIFT_STANDARD_LIBRARIES = YES;
				BUNDLE_LOADER = "$(TEST_HOST)";
				CODE_SIGN_STYLE = Automatic;
				COMBINE_HIDPI_IMAGES = YES;
				DEVELOPMENT_TEAM = CD6845FWL4;
				INFOPLIST_FILE = ScoreboardTests/Info.plist;
				LD_RUNPATH_SEARCH_PATHS = (
					"$(inherited)",
					"@executable_path/../Frameworks",
					"@loader_path/../Frameworks",
				);
				MACOSX_DEPLOYMENT_TARGET = 10.15;
				PRODUCT_BUNDLE_IDENTIFIER = com.bendersonsllc.ScoreboardTests;
				PRODUCT_NAME = "$(TARGET_NAME)";
				SWIFT_VERSION = 5.0;
				TEST_HOST = "$(BUILT_PRODUCTS_DIR)/Scoreboard.app/Contents/MacOS/Scoreboard";
			};
			name = Release;
		};
		86001B8E266351C900030A6B /* Debug */ = {
			isa = XCBuildConfiguration;
			buildSettings = {
				ALWAYS_EMBED_SWIFT_STANDARD_LIBRARIES = YES;
				CODE_SIGN_STYLE = Automatic;
				COMBINE_HIDPI_IMAGES = YES;
				DEVELOPMENT_TEAM = CD6845FWL4;
				INFOPLIST_FILE = ScoreboardUITests/Info.plist;
				LD_RUNPATH_SEARCH_PATHS = (
					"$(inherited)",
					"@executable_path/../Frameworks",
					"@loader_path/../Frameworks",
				);
				PRODUCT_BUNDLE_IDENTIFIER = com.bendersonsllc.ScoreboardUITests;
				PRODUCT_NAME = "$(TARGET_NAME)";
				SWIFT_VERSION = 5.0;
				TEST_TARGET_NAME = Scoreboard;
			};
			name = Debug;
		};
		86001B8F266351C900030A6B /* Release */ = {
			isa = XCBuildConfiguration;
			buildSettings = {
				ALWAYS_EMBED_SWIFT_STANDARD_LIBRARIES = YES;
				CODE_SIGN_STYLE = Automatic;
				COMBINE_HIDPI_IMAGES = YES;
				DEVELOPMENT_TEAM = CD6845FWL4;
				INFOPLIST_FILE = ScoreboardUITests/Info.plist;
				LD_RUNPATH_SEARCH_PATHS = (
					"$(inherited)",
					"@executable_path/../Frameworks",
					"@loader_path/../Frameworks",
				);
				PRODUCT_BUNDLE_IDENTIFIER = com.bendersonsllc.ScoreboardUITests;
				PRODUCT_NAME = "$(TARGET_NAME)";
				SWIFT_VERSION = 5.0;
				TEST_TARGET_NAME = Scoreboard;
			};
			name = Release;
		};
/* End XCBuildConfiguration section */

/* Begin XCConfigurationList section */
		86001B59266351C700030A6B /* Build configuration list for PBXProject "Scoreboard" */ = {
			isa = XCConfigurationList;
			buildConfigurations = (
				86001B85266351C900030A6B /* Debug */,
				86001B86266351C900030A6B /* Release */,
			);
			defaultConfigurationIsVisible = 0;
			defaultConfigurationName = Release;
		};
		86001B87266351C900030A6B /* Build configuration list for PBXNativeTarget "Scoreboard" */ = {
			isa = XCConfigurationList;
			buildConfigurations = (
				86001B88266351C900030A6B /* Debug */,
				86001B89266351C900030A6B /* Release */,
			);
			defaultConfigurationIsVisible = 0;
			defaultConfigurationName = Release;
		};
		86001B8A266351C900030A6B /* Build configuration list for PBXNativeTarget "ScoreboardTests" */ = {
			isa = XCConfigurationList;
			buildConfigurations = (
				86001B8B266351C900030A6B /* Debug */,
				86001B8C266351C900030A6B /* Release */,
			);
			defaultConfigurationIsVisible = 0;
			defaultConfigurationName = Release;
		};
		86001B8D266351C900030A6B /* Build configuration list for PBXNativeTarget "ScoreboardUITests" */ = {
			isa = XCConfigurationList;
			buildConfigurations = (
				86001B8E266351C900030A6B /* Debug */,
				86001B8F266351C900030A6B /* Release */,
			);
			defaultConfigurationIsVisible = 0;
			defaultConfigurationName = Release;
		};
/* End XCConfigurationList section */
	};
	rootObject = 86001B56266351C700030A6B /* Project object */;
}
